// !$*UTF8*$!
{
	archiveVersion = 1;
	classes = {
	};
	objectVersion = 46;
	objects = {

/* Begin PBXBuildFile section */
		6515259B151493BD0074FA19 /* UIKit.framework in Frameworks */ = {isa = PBXBuildFile; fileRef = 6515259A151493BD0074FA19 /* UIKit.framework */; };
		6515259D151493BD0074FA19 /* Foundation.framework in Frameworks */ = {isa = PBXBuildFile; fileRef = 6515259C151493BD0074FA19 /* Foundation.framework */; };
		6515259F151493BD0074FA19 /* CoreGraphics.framework in Frameworks */ = {isa = PBXBuildFile; fileRef = 6515259E151493BD0074FA19 /* CoreGraphics.framework */; };
		651525A5151493BE0074FA19 /* InfoPlist.strings in Resources */ = {isa = PBXBuildFile; fileRef = 651525A3151493BE0074FA19 /* InfoPlist.strings */; };
		651525A7151493BE0074FA19 /* main.m in Sources */ = {isa = PBXBuildFile; fileRef = 651525A6151493BE0074FA19 /* main.m */; };
		651525AB151493BE0074FA19 /* AppDelegate.m in Sources */ = {isa = PBXBuildFile; fileRef = 651525AA151493BE0074FA19 /* AppDelegate.m */; };
		651525AE151493BE0074FA19 /* MainStoryboard.storyboard in Resources */ = {isa = PBXBuildFile; fileRef = 651525AC151493BE0074FA19 /* MainStoryboard.storyboard */; };
		651525B1151493BE0074FA19 /* ViewController.m in Sources */ = {isa = PBXBuildFile; fileRef = 651525B0151493BE0074FA19 /* ViewController.m */; };
		651525B9151493BE0074FA19 /* SenTestingKit.framework in Frameworks */ = {isa = PBXBuildFile; fileRef = 651525B8151493BE0074FA19 /* SenTestingKit.framework */; };
		651525BA151493BE0074FA19 /* UIKit.framework in Frameworks */ = {isa = PBXBuildFile; fileRef = 6515259A151493BD0074FA19 /* UIKit.framework */; };
		651525BB151493BE0074FA19 /* Foundation.framework in Frameworks */ = {isa = PBXBuildFile; fileRef = 6515259C151493BD0074FA19 /* Foundation.framework */; };
		651525C3151493BE0074FA19 /* InfoPlist.strings in Resources */ = {isa = PBXBuildFile; fileRef = 651525C1151493BE0074FA19 /* InfoPlist.strings */; };
		651525C6151493BE0074FA19 /* EventTests.m in Sources */ = {isa = PBXBuildFile; fileRef = 651525C5151493BE0074FA19 /* EventTests.m */; };
		651525D2151497FF0074FA19 /* Event.m in Sources */ = {isa = PBXBuildFile; fileRef = 651525D1151497FF0074FA19 /* Event.m */; };
		651525D515149CB60074FA19 /* LocationTests.m in Sources */ = {isa = PBXBuildFile; fileRef = 651525D415149CB60074FA19 /* LocationTests.m */; };
		651525D815149D360074FA19 /* Location.m in Sources */ = {isa = PBXBuildFile; fileRef = 651525D715149D360074FA19 /* Location.m */; };
		652C17AE1514BC18004BEF69 /* Sponsor.m in Sources */ = {isa = PBXBuildFile; fileRef = 652C17AD1514BC18004BEF69 /* Sponsor.m */; };
		652C17B21514BC2E004BEF69 /* SponsorTests.m in Sources */ = {isa = PBXBuildFile; fileRef = 652C17B11514BC2E004BEF69 /* SponsorTests.m */; };
		652C17EF1514EA85004BEF69 /* EventRepositoryTests.m in Sources */ = {isa = PBXBuildFile; fileRef = 652C17EE1514EA85004BEF69 /* EventRepositoryTests.m */; };
		652C17F21514EFB4004BEF69 /* EventParseMapperTests.m in Sources */ = {isa = PBXBuildFile; fileRef = 652C17F11514EFB4004BEF69 /* EventParseMapperTests.m */; };
		655A6B191514A0FC00A4B2B7 /* EventTableViewController.m in Sources */ = {isa = PBXBuildFile; fileRef = 655A6B181514A0FC00A4B2B7 /* EventTableViewController.m */; };
		65AB72181514F12A00B98F80 /* EventParseMapper.m in Sources */ = {isa = PBXBuildFile; fileRef = 65AB72171514F12A00B98F80 /* EventParseMapper.m */; };
		65AB722A1514FA9900B98F80 /* SessionParseMapper.m in Sources */ = {isa = PBXBuildFile; fileRef = 65AB721E1514F97100B98F80 /* SessionParseMapper.m */; };
		6D015B621514C74000607F4A /* LocationPoint.m in Sources */ = {isa = PBXBuildFile; fileRef = 6D015B611514C74000607F4A /* LocationPoint.m */; };
		6D015B641514CBFD00607F4A /* CoreLocation.framework in Frameworks */ = {isa = PBXBuildFile; fileRef = 6D015B631514CBFD00607F4A /* CoreLocation.framework */; };
		6D015B651514CC0500607F4A /* CoreLocation.framework in Frameworks */ = {isa = PBXBuildFile; fileRef = 6D015B631514CBFD00607F4A /* CoreLocation.framework */; };
		6D0FAA181514A79F00B5B3FA /* TimeAndPlaceViewController.m in Sources */ = {isa = PBXBuildFile; fileRef = 6D0FAA171514A79F00B5B3FA /* TimeAndPlaceViewController.m */; };
		6D0FAA1B1514A84900B5B3FA /* MapKit.framework in Frameworks */ = {isa = PBXBuildFile; fileRef = 6D0FAA1A1514A84900B5B3FA /* MapKit.framework */; };
		6D0FAA241514AABD00B5B3FA /* MapKit.framework in Frameworks */ = {isa = PBXBuildFile; fileRef = 6D0FAA1A1514A84900B5B3FA /* MapKit.framework */; };
		8A1E712D1514DBDA00210D7B /* about.png in Resources */ = {isa = PBXBuildFile; fileRef = 8A1E711B1514DBDA00210D7B /* about.png */; };
		8A1E712E1514DBDA00210D7B /* about@2x.png in Resources */ = {isa = PBXBuildFile; fileRef = 8A1E711C1514DBDA00210D7B /* about@2x.png */; };
		8A1E712F1514DBDA00210D7B /* aboutact.png in Resources */ = {isa = PBXBuildFile; fileRef = 8A1E711D1514DBDA00210D7B /* aboutact.png */; };
		8A1E71301514DBDA00210D7B /* aboutact@2x.png in Resources */ = {isa = PBXBuildFile; fileRef = 8A1E711E1514DBDA00210D7B /* aboutact@2x.png */; };
		8A1E71331514DBDA00210D7B /* lista.png in Resources */ = {isa = PBXBuildFile; fileRef = 8A1E71211514DBDA00210D7B /* lista.png */; };
		8A1E71341514DBDA00210D7B /* lista@2x.png in Resources */ = {isa = PBXBuildFile; fileRef = 8A1E71221514DBDA00210D7B /* lista@2x.png */; };
		8A1E71351514DBDA00210D7B /* listaact.png in Resources */ = {isa = PBXBuildFile; fileRef = 8A1E71231514DBDA00210D7B /* listaact.png */; };
		8A1E71361514DBDA00210D7B /* listaact@2x.png in Resources */ = {isa = PBXBuildFile; fileRef = 8A1E71241514DBDA00210D7B /* listaact@2x.png */; };
		8A1E71371514DBDA00210D7B /* noticias.png in Resources */ = {isa = PBXBuildFile; fileRef = 8A1E71251514DBDA00210D7B /* noticias.png */; };
		8A1E71381514DBDA00210D7B /* noticias@2x.png in Resources */ = {isa = PBXBuildFile; fileRef = 8A1E71261514DBDA00210D7B /* noticias@2x.png */; };
		8A1E71391514DBDA00210D7B /* noticiasact.png in Resources */ = {isa = PBXBuildFile; fileRef = 8A1E71271514DBDA00210D7B /* noticiasact.png */; };
		8A1E713A1514DBDA00210D7B /* noticiasact@2x.png in Resources */ = {isa = PBXBuildFile; fileRef = 8A1E71281514DBDA00210D7B /* noticiasact@2x.png */; };
		8A1E713B1514DBDA00210D7B /* sponsor.png in Resources */ = {isa = PBXBuildFile; fileRef = 8A1E71291514DBDA00210D7B /* sponsor.png */; };
		8A1E713C1514DBDA00210D7B /* sponsor@2x.png in Resources */ = {isa = PBXBuildFile; fileRef = 8A1E712A1514DBDA00210D7B /* sponsor@2x.png */; };
		8A1E713D1514DBDA00210D7B /* sponsoract.png in Resources */ = {isa = PBXBuildFile; fileRef = 8A1E712B1514DBDA00210D7B /* sponsoract.png */; };
		8A1E713E1514DBDA00210D7B /* sponsoract@2x.png in Resources */ = {isa = PBXBuildFile; fileRef = 8A1E712C1514DBDA00210D7B /* sponsoract@2x.png */; };
		8A23B1E71514AFC400AC8F1D /* Session.m in Sources */ = {isa = PBXBuildFile; fileRef = 8A23B1E41514AFC400AC8F1D /* Session.m */; };
		8A23B1E81514AFC400AC8F1D /* Speaker.m in Sources */ = {isa = PBXBuildFile; fileRef = 8A23B1E61514AFC400AC8F1D /* Speaker.m */; };
		8A23B1EE1514AFE000AC8F1D /* SessionTest.m in Sources */ = {isa = PBXBuildFile; fileRef = 8A23B1EB1514AFE000AC8F1D /* SessionTest.m */; };
		8A23B1EF1514AFE000AC8F1D /* SpeakerTests.m in Sources */ = {isa = PBXBuildFile; fileRef = 8A23B1ED1514AFE000AC8F1D /* SpeakerTests.m */; };
		8A23B1F11514B00D00AC8F1D /* Parse.framework in Frameworks */ = {isa = PBXBuildFile; fileRef = 8A23B1F01514B00D00AC8F1D /* Parse.framework */; };
		8A23B1F21514B01200AC8F1D /* Parse.framework in Frameworks */ = {isa = PBXBuildFile; fileRef = 8A23B1F01514B00D00AC8F1D /* Parse.framework */; };
		8A23B1F41514B01B00AC8F1D /* AudioToolbox.framework in Frameworks */ = {isa = PBXBuildFile; fileRef = 8A23B1F31514B01B00AC8F1D /* AudioToolbox.framework */; };
		8A23B1F61514B02200AC8F1D /* CFNetwork.framework in Frameworks */ = {isa = PBXBuildFile; fileRef = 8A23B1F51514B02200AC8F1D /* CFNetwork.framework */; };
		8A23B1F81514B02800AC8F1D /* Security.framework in Frameworks */ = {isa = PBXBuildFile; fileRef = 8A23B1F71514B02800AC8F1D /* Security.framework */; };
		8A23B1FA1514B02E00AC8F1D /* libz.1.1.3.dylib in Frameworks */ = {isa = PBXBuildFile; fileRef = 8A23B1F91514B02E00AC8F1D /* libz.1.1.3.dylib */; };
		8A23B1FE1514B05600AC8F1D /* MobileCoreServices.framework in Frameworks */ = {isa = PBXBuildFile; fileRef = 8A23B1FB1514B05600AC8F1D /* MobileCoreServices.framework */; };
		8A23B1FF1514B05600AC8F1D /* QuartzCore.framework in Frameworks */ = {isa = PBXBuildFile; fileRef = 8A23B1FC1514B05600AC8F1D /* QuartzCore.framework */; };
		8A23B2001514B05600AC8F1D /* SystemConfiguration.framework in Frameworks */ = {isa = PBXBuildFile; fileRef = 8A23B1FD1514B05600AC8F1D /* SystemConfiguration.framework */; };
		8A23B2011514B07000AC8F1D /* MobileCoreServices.framework in Frameworks */ = {isa = PBXBuildFile; fileRef = 8A23B1FB1514B05600AC8F1D /* MobileCoreServices.framework */; };
		8A23B2021514B07000AC8F1D /* QuartzCore.framework in Frameworks */ = {isa = PBXBuildFile; fileRef = 8A23B1FC1514B05600AC8F1D /* QuartzCore.framework */; };
		8A23B2031514B07000AC8F1D /* SystemConfiguration.framework in Frameworks */ = {isa = PBXBuildFile; fileRef = 8A23B1FD1514B05600AC8F1D /* SystemConfiguration.framework */; };
		8A23B2041514B07000AC8F1D /* libz.1.1.3.dylib in Frameworks */ = {isa = PBXBuildFile; fileRef = 8A23B1F91514B02E00AC8F1D /* libz.1.1.3.dylib */; };
		8A23B2051514B07000AC8F1D /* Security.framework in Frameworks */ = {isa = PBXBuildFile; fileRef = 8A23B1F71514B02800AC8F1D /* Security.framework */; };
		8A23B2061514B07000AC8F1D /* CFNetwork.framework in Frameworks */ = {isa = PBXBuildFile; fileRef = 8A23B1F51514B02200AC8F1D /* CFNetwork.framework */; };
		8A23B2071514B07000AC8F1D /* AudioToolbox.framework in Frameworks */ = {isa = PBXBuildFile; fileRef = 8A23B1F31514B01B00AC8F1D /* AudioToolbox.framework */; };
		8A23B20A1514B8EC00AC8F1D /* EventDetailTableViewController.m in Sources */ = {isa = PBXBuildFile; fileRef = 8A23B2091514B8EC00AC8F1D /* EventDetailTableViewController.m */; };
		8A23B2111514BD5900AC8F1D /* NewsTableViewController.m in Sources */ = {isa = PBXBuildFile; fileRef = 8A23B2101514BD5900AC8F1D /* NewsTableViewController.m */; };
		8A23B2141514BEEF00AC8F1D /* Twitter.framework in Frameworks */ = {isa = PBXBuildFile; fileRef = 8A23B2131514BEEF00AC8F1D /* Twitter.framework */; };
		8A23B2151514BEF400AC8F1D /* Twitter.framework in Frameworks */ = {isa = PBXBuildFile; fileRef = 8A23B2131514BEEF00AC8F1D /* Twitter.framework */; };
		8A23B2251514D94F00AC8F1D /* AboutViewController.m in Sources */ = {isa = PBXBuildFile; fileRef = 8A23B2241514D94F00AC8F1D /* AboutViewController.m */; };
		8A23B2281514DA5C00AC8F1D /* SponsorsTableViewController.m in Sources */ = {isa = PBXBuildFile; fileRef = 8A23B2271514DA5C00AC8F1D /* SponsorsTableViewController.m */; };
		8AA9CC731514F0EA00F13C0D /* background.png in Resources */ = {isa = PBXBuildFile; fileRef = 8A23B21B1514D76C00AC8F1D /* background.png */; };
		8AA9CC741514F0EA00F13C0D /* background@2x.png in Resources */ = {isa = PBXBuildFile; fileRef = 8A23B21C1514D76C00AC8F1D /* background@2x.png */; };
		8AA9CC7F1514F5A200F13C0D /* Icon.png in Resources */ = {isa = PBXBuildFile; fileRef = 8AA9CC7D1514F5A200F13C0D /* Icon.png */; };
		8AA9CC801514F5A200F13C0D /* Icon@2x.png in Resources */ = {isa = PBXBuildFile; fileRef = 8AA9CC7E1514F5A200F13C0D /* Icon@2x.png */; };
		8AFE99281514FDA2000DF99E /* NewsCell.m in Sources */ = {isa = PBXBuildFile; fileRef = 8AFE99271514FDA2000DF99E /* NewsCell.m */; };
/* End PBXBuildFile section */

/* Begin PBXContainerItemProxy section */
		651525BC151493BE0074FA19 /* PBXContainerItemProxy */ = {
			isa = PBXContainerItemProxy;
			containerPortal = 6515258D151493BD0074FA19 /* Project object */;
			proxyType = 1;
			remoteGlobalIDString = 65152595151493BD0074FA19;
			remoteInfo = NSEvents;
		};
/* End PBXContainerItemProxy section */

/* Begin PBXFileReference section */
		65152596151493BD0074FA19 /* NSEvents.app */ = {isa = PBXFileReference; explicitFileType = wrapper.application; includeInIndex = 0; path = NSEvents.app; sourceTree = BUILT_PRODUCTS_DIR; };
		6515259A151493BD0074FA19 /* UIKit.framework */ = {isa = PBXFileReference; lastKnownFileType = wrapper.framework; name = UIKit.framework; path = System/Library/Frameworks/UIKit.framework; sourceTree = SDKROOT; };
		6515259C151493BD0074FA19 /* Foundation.framework */ = {isa = PBXFileReference; lastKnownFileType = wrapper.framework; name = Foundation.framework; path = System/Library/Frameworks/Foundation.framework; sourceTree = SDKROOT; };
		6515259E151493BD0074FA19 /* CoreGraphics.framework */ = {isa = PBXFileReference; lastKnownFileType = wrapper.framework; name = CoreGraphics.framework; path = System/Library/Frameworks/CoreGraphics.framework; sourceTree = SDKROOT; };
		651525A2151493BE0074FA19 /* NSEvents-Info.plist */ = {isa = PBXFileReference; lastKnownFileType = text.plist.xml; path = "NSEvents-Info.plist"; sourceTree = "<group>"; };
		651525A4151493BE0074FA19 /* en */ = {isa = PBXFileReference; lastKnownFileType = text.plist.strings; name = en; path = en.lproj/InfoPlist.strings; sourceTree = "<group>"; };
		651525A6151493BE0074FA19 /* main.m */ = {isa = PBXFileReference; lastKnownFileType = sourcecode.c.objc; path = main.m; sourceTree = "<group>"; };
		651525A8151493BE0074FA19 /* NSEvents-Prefix.pch */ = {isa = PBXFileReference; lastKnownFileType = sourcecode.c.h; path = "NSEvents-Prefix.pch"; sourceTree = "<group>"; };
		651525A9151493BE0074FA19 /* AppDelegate.h */ = {isa = PBXFileReference; lastKnownFileType = sourcecode.c.h; path = AppDelegate.h; sourceTree = "<group>"; };
		651525AA151493BE0074FA19 /* AppDelegate.m */ = {isa = PBXFileReference; lastKnownFileType = sourcecode.c.objc; path = AppDelegate.m; sourceTree = "<group>"; };
		651525AD151493BE0074FA19 /* en */ = {isa = PBXFileReference; lastKnownFileType = file.storyboard; name = en; path = en.lproj/MainStoryboard.storyboard; sourceTree = "<group>"; };
		651525AF151493BE0074FA19 /* ViewController.h */ = {isa = PBXFileReference; lastKnownFileType = sourcecode.c.h; path = ViewController.h; sourceTree = "<group>"; };
		651525B0151493BE0074FA19 /* ViewController.m */ = {isa = PBXFileReference; lastKnownFileType = sourcecode.c.objc; path = ViewController.m; sourceTree = "<group>"; };
		651525B7151493BE0074FA19 /* NSEventsTests.octest */ = {isa = PBXFileReference; explicitFileType = wrapper.cfbundle; includeInIndex = 0; path = NSEventsTests.octest; sourceTree = BUILT_PRODUCTS_DIR; };
		651525B8151493BE0074FA19 /* SenTestingKit.framework */ = {isa = PBXFileReference; lastKnownFileType = wrapper.framework; name = SenTestingKit.framework; path = Library/Frameworks/SenTestingKit.framework; sourceTree = DEVELOPER_DIR; };
		651525C0151493BE0074FA19 /* NSEventsTests-Info.plist */ = {isa = PBXFileReference; lastKnownFileType = text.plist.xml; path = "NSEventsTests-Info.plist"; sourceTree = "<group>"; };
		651525C2151493BE0074FA19 /* en */ = {isa = PBXFileReference; lastKnownFileType = text.plist.strings; name = en; path = en.lproj/InfoPlist.strings; sourceTree = "<group>"; };
		651525C4151493BE0074FA19 /* EventTests.h */ = {isa = PBXFileReference; lastKnownFileType = sourcecode.c.h; path = EventTests.h; sourceTree = "<group>"; };
		651525C5151493BE0074FA19 /* EventTests.m */ = {isa = PBXFileReference; lastKnownFileType = sourcecode.c.objc; path = EventTests.m; sourceTree = "<group>"; };
		651525D0151497FF0074FA19 /* Event.h */ = {isa = PBXFileReference; fileEncoding = 4; lastKnownFileType = sourcecode.c.h; path = Event.h; sourceTree = "<group>"; };
		651525D1151497FF0074FA19 /* Event.m */ = {isa = PBXFileReference; fileEncoding = 4; lastKnownFileType = sourcecode.c.objc; path = Event.m; sourceTree = "<group>"; };
		651525D315149CB60074FA19 /* LocationTests.h */ = {isa = PBXFileReference; fileEncoding = 4; lastKnownFileType = sourcecode.c.h; path = LocationTests.h; sourceTree = "<group>"; };
		651525D415149CB60074FA19 /* LocationTests.m */ = {isa = PBXFileReference; fileEncoding = 4; lastKnownFileType = sourcecode.c.objc; path = LocationTests.m; sourceTree = "<group>"; };
		651525D615149D360074FA19 /* Location.h */ = {isa = PBXFileReference; fileEncoding = 4; lastKnownFileType = sourcecode.c.h; path = Location.h; sourceTree = "<group>"; };
		651525D715149D360074FA19 /* Location.m */ = {isa = PBXFileReference; fileEncoding = 4; lastKnownFileType = sourcecode.c.objc; path = Location.m; sourceTree = "<group>"; };
		652C17AC1514BC18004BEF69 /* Sponsor.h */ = {isa = PBXFileReference; fileEncoding = 4; lastKnownFileType = sourcecode.c.h; path = Sponsor.h; sourceTree = "<group>"; };
		652C17AD1514BC18004BEF69 /* Sponsor.m */ = {isa = PBXFileReference; fileEncoding = 4; lastKnownFileType = sourcecode.c.objc; path = Sponsor.m; sourceTree = "<group>"; };
		652C17B01514BC2E004BEF69 /* SponsorTests.h */ = {isa = PBXFileReference; fileEncoding = 4; lastKnownFileType = sourcecode.c.h; path = SponsorTests.h; sourceTree = "<group>"; };
		652C17B11514BC2E004BEF69 /* SponsorTests.m */ = {isa = PBXFileReference; fileEncoding = 4; lastKnownFileType = sourcecode.c.objc; path = SponsorTests.m; sourceTree = "<group>"; };
		652C17ED1514EA85004BEF69 /* EventRepositoryTests.h */ = {isa = PBXFileReference; fileEncoding = 4; lastKnownFileType = sourcecode.c.h; path = EventRepositoryTests.h; sourceTree = "<group>"; };
		652C17EE1514EA85004BEF69 /* EventRepositoryTests.m */ = {isa = PBXFileReference; fileEncoding = 4; lastKnownFileType = sourcecode.c.objc; path = EventRepositoryTests.m; sourceTree = "<group>"; };
		652C17F01514EFB4004BEF69 /* EventParseMapperTests.h */ = {isa = PBXFileReference; fileEncoding = 4; lastKnownFileType = sourcecode.c.h; path = EventParseMapperTests.h; sourceTree = "<group>"; };
		652C17F11514EFB4004BEF69 /* EventParseMapperTests.m */ = {isa = PBXFileReference; fileEncoding = 4; lastKnownFileType = sourcecode.c.objc; path = EventParseMapperTests.m; sourceTree = "<group>"; };
		655A6B171514A0FC00A4B2B7 /* EventTableViewController.h */ = {isa = PBXFileReference; fileEncoding = 4; lastKnownFileType = sourcecode.c.h; path = EventTableViewController.h; sourceTree = "<group>"; };
		655A6B181514A0FC00A4B2B7 /* EventTableViewController.m */ = {isa = PBXFileReference; fileEncoding = 4; lastKnownFileType = sourcecode.c.objc; path = EventTableViewController.m; sourceTree = "<group>"; };
		65AB72161514F12A00B98F80 /* EventParseMapper.h */ = {isa = PBXFileReference; fileEncoding = 4; lastKnownFileType = sourcecode.c.h; path = EventParseMapper.h; sourceTree = "<group>"; };
		65AB72171514F12A00B98F80 /* EventParseMapper.m */ = {isa = PBXFileReference; fileEncoding = 4; lastKnownFileType = sourcecode.c.objc; path = EventParseMapper.m; sourceTree = "<group>"; };
		65AB721D1514F97100B98F80 /* SessionParseMapper.h */ = {isa = PBXFileReference; fileEncoding = 4; lastKnownFileType = sourcecode.c.h; path = SessionParseMapper.h; sourceTree = "<group>"; };
		65AB721E1514F97100B98F80 /* SessionParseMapper.m */ = {isa = PBXFileReference; fileEncoding = 4; lastKnownFileType = sourcecode.c.objc; path = SessionParseMapper.m; sourceTree = "<group>"; };
		6D015B601514C74000607F4A /* LocationPoint.h */ = {isa = PBXFileReference; fileEncoding = 4; lastKnownFileType = sourcecode.c.h; name = LocationPoint.h; path = Helper/LocationPoint.h; sourceTree = "<group>"; };
		6D015B611514C74000607F4A /* LocationPoint.m */ = {isa = PBXFileReference; fileEncoding = 4; lastKnownFileType = sourcecode.c.objc; name = LocationPoint.m; path = Helper/LocationPoint.m; sourceTree = "<group>"; };
		6D015B631514CBFD00607F4A /* CoreLocation.framework */ = {isa = PBXFileReference; lastKnownFileType = wrapper.framework; name = CoreLocation.framework; path = System/Library/Frameworks/CoreLocation.framework; sourceTree = SDKROOT; };
		6D0FAA161514A79F00B5B3FA /* TimeAndPlaceViewController.h */ = {isa = PBXFileReference; fileEncoding = 4; lastKnownFileType = sourcecode.c.h; path = TimeAndPlaceViewController.h; sourceTree = "<group>"; };
		6D0FAA171514A79F00B5B3FA /* TimeAndPlaceViewController.m */ = {isa = PBXFileReference; fileEncoding = 4; lastKnownFileType = sourcecode.c.objc; path = TimeAndPlaceViewController.m; sourceTree = "<group>"; };
		6D0FAA1A1514A84900B5B3FA /* MapKit.framework */ = {isa = PBXFileReference; lastKnownFileType = wrapper.framework; name = MapKit.framework; path = System/Library/Frameworks/MapKit.framework; sourceTree = SDKROOT; };
		8A1E711B1514DBDA00210D7B /* about.png */ = {isa = PBXFileReference; lastKnownFileType = image.png; path = about.png; sourceTree = "<group>"; };
		8A1E711C1514DBDA00210D7B /* about@2x.png */ = {isa = PBXFileReference; lastKnownFileType = image.png; path = "about@2x.png"; sourceTree = "<group>"; };
		8A1E711D1514DBDA00210D7B /* aboutact.png */ = {isa = PBXFileReference; lastKnownFileType = image.png; path = aboutact.png; sourceTree = "<group>"; };
		8A1E711E1514DBDA00210D7B /* aboutact@2x.png */ = {isa = PBXFileReference; lastKnownFileType = image.png; path = "aboutact@2x.png"; sourceTree = "<group>"; };
		8A1E711F1514DBDA00210D7B /* background.png */ = {isa = PBXFileReference; lastKnownFileType = image.png; path = background.png; sourceTree = "<group>"; };
		8A1E71201514DBDA00210D7B /* background@2x.png */ = {isa = PBXFileReference; lastKnownFileType = image.png; path = "background@2x.png"; sourceTree = "<group>"; };
		8A1E71211514DBDA00210D7B /* lista.png */ = {isa = PBXFileReference; lastKnownFileType = image.png; path = lista.png; sourceTree = "<group>"; };
		8A1E71221514DBDA00210D7B /* lista@2x.png */ = {isa = PBXFileReference; lastKnownFileType = image.png; path = "lista@2x.png"; sourceTree = "<group>"; };
		8A1E71231514DBDA00210D7B /* listaact.png */ = {isa = PBXFileReference; lastKnownFileType = image.png; path = listaact.png; sourceTree = "<group>"; };
		8A1E71241514DBDA00210D7B /* listaact@2x.png */ = {isa = PBXFileReference; lastKnownFileType = image.png; path = "listaact@2x.png"; sourceTree = "<group>"; };
		8A1E71251514DBDA00210D7B /* noticias.png */ = {isa = PBXFileReference; lastKnownFileType = image.png; path = noticias.png; sourceTree = "<group>"; };
		8A1E71261514DBDA00210D7B /* noticias@2x.png */ = {isa = PBXFileReference; lastKnownFileType = image.png; path = "noticias@2x.png"; sourceTree = "<group>"; };
		8A1E71271514DBDA00210D7B /* noticiasact.png */ = {isa = PBXFileReference; lastKnownFileType = image.png; path = noticiasact.png; sourceTree = "<group>"; };
		8A1E71281514DBDA00210D7B /* noticiasact@2x.png */ = {isa = PBXFileReference; lastKnownFileType = image.png; path = "noticiasact@2x.png"; sourceTree = "<group>"; };
		8A1E71291514DBDA00210D7B /* sponsor.png */ = {isa = PBXFileReference; lastKnownFileType = image.png; path = sponsor.png; sourceTree = "<group>"; };
		8A1E712A1514DBDA00210D7B /* sponsor@2x.png */ = {isa = PBXFileReference; lastKnownFileType = image.png; path = "sponsor@2x.png"; sourceTree = "<group>"; };
		8A1E712B1514DBDA00210D7B /* sponsoract.png */ = {isa = PBXFileReference; lastKnownFileType = image.png; path = sponsoract.png; sourceTree = "<group>"; };
		8A1E712C1514DBDA00210D7B /* sponsoract@2x.png */ = {isa = PBXFileReference; lastKnownFileType = image.png; path = "sponsoract@2x.png"; sourceTree = "<group>"; };
		8A23B1E31514AFC400AC8F1D /* Session.h */ = {isa = PBXFileReference; fileEncoding = 4; lastKnownFileType = sourcecode.c.h; path = Session.h; sourceTree = "<group>"; };
		8A23B1E41514AFC400AC8F1D /* Session.m */ = {isa = PBXFileReference; fileEncoding = 4; lastKnownFileType = sourcecode.c.objc; path = Session.m; sourceTree = "<group>"; };
		8A23B1E51514AFC400AC8F1D /* Speaker.h */ = {isa = PBXFileReference; fileEncoding = 4; lastKnownFileType = sourcecode.c.h; path = Speaker.h; sourceTree = "<group>"; };
		8A23B1E61514AFC400AC8F1D /* Speaker.m */ = {isa = PBXFileReference; fileEncoding = 4; lastKnownFileType = sourcecode.c.objc; path = Speaker.m; sourceTree = "<group>"; };
		8A23B1EA1514AFE000AC8F1D /* SessionTest.h */ = {isa = PBXFileReference; fileEncoding = 4; lastKnownFileType = sourcecode.c.h; path = SessionTest.h; sourceTree = "<group>"; };
		8A23B1EB1514AFE000AC8F1D /* SessionTest.m */ = {isa = PBXFileReference; fileEncoding = 4; lastKnownFileType = sourcecode.c.objc; path = SessionTest.m; sourceTree = "<group>"; };
		8A23B1EC1514AFE000AC8F1D /* SpeakerTests.h */ = {isa = PBXFileReference; fileEncoding = 4; lastKnownFileType = sourcecode.c.h; path = SpeakerTests.h; sourceTree = "<group>"; };
		8A23B1ED1514AFE000AC8F1D /* SpeakerTests.m */ = {isa = PBXFileReference; fileEncoding = 4; lastKnownFileType = sourcecode.c.objc; path = SpeakerTests.m; sourceTree = "<group>"; };
		8A23B1F01514B00D00AC8F1D /* Parse.framework */ = {isa = PBXFileReference; lastKnownFileType = wrapper.framework; name = Parse.framework; path = Vendor/Parse.framework; sourceTree = "<group>"; };
		8A23B1F31514B01B00AC8F1D /* AudioToolbox.framework */ = {isa = PBXFileReference; lastKnownFileType = wrapper.framework; name = AudioToolbox.framework; path = System/Library/Frameworks/AudioToolbox.framework; sourceTree = SDKROOT; };
		8A23B1F51514B02200AC8F1D /* CFNetwork.framework */ = {isa = PBXFileReference; lastKnownFileType = wrapper.framework; name = CFNetwork.framework; path = System/Library/Frameworks/CFNetwork.framework; sourceTree = SDKROOT; };
		8A23B1F71514B02800AC8F1D /* Security.framework */ = {isa = PBXFileReference; lastKnownFileType = wrapper.framework; name = Security.framework; path = System/Library/Frameworks/Security.framework; sourceTree = SDKROOT; };
		8A23B1F91514B02E00AC8F1D /* libz.1.1.3.dylib */ = {isa = PBXFileReference; lastKnownFileType = "compiled.mach-o.dylib"; name = libz.1.1.3.dylib; path = usr/lib/libz.1.1.3.dylib; sourceTree = SDKROOT; };
		8A23B1FB1514B05600AC8F1D /* MobileCoreServices.framework */ = {isa = PBXFileReference; lastKnownFileType = wrapper.framework; name = MobileCoreServices.framework; path = System/Library/Frameworks/MobileCoreServices.framework; sourceTree = SDKROOT; };
		8A23B1FC1514B05600AC8F1D /* QuartzCore.framework */ = {isa = PBXFileReference; lastKnownFileType = wrapper.framework; name = QuartzCore.framework; path = System/Library/Frameworks/QuartzCore.framework; sourceTree = SDKROOT; };
		8A23B1FD1514B05600AC8F1D /* SystemConfiguration.framework */ = {isa = PBXFileReference; lastKnownFileType = wrapper.framework; name = SystemConfiguration.framework; path = System/Library/Frameworks/SystemConfiguration.framework; sourceTree = SDKROOT; };
		8A23B2081514B8EC00AC8F1D /* EventDetailTableViewController.h */ = {isa = PBXFileReference; fileEncoding = 4; lastKnownFileType = sourcecode.c.h; path = EventDetailTableViewController.h; sourceTree = "<group>"; };
		8A23B2091514B8EC00AC8F1D /* EventDetailTableViewController.m */ = {isa = PBXFileReference; fileEncoding = 4; lastKnownFileType = sourcecode.c.objc; path = EventDetailTableViewController.m; sourceTree = "<group>"; };
		8A23B20F1514BD5900AC8F1D /* NewsTableViewController.h */ = {isa = PBXFileReference; fileEncoding = 4; lastKnownFileType = sourcecode.c.h; path = NewsTableViewController.h; sourceTree = "<group>"; };
		8A23B2101514BD5900AC8F1D /* NewsTableViewController.m */ = {isa = PBXFileReference; fileEncoding = 4; lastKnownFileType = sourcecode.c.objc; path = NewsTableViewController.m; sourceTree = "<group>"; };
		8A23B2131514BEEF00AC8F1D /* Twitter.framework */ = {isa = PBXFileReference; lastKnownFileType = wrapper.framework; name = Twitter.framework; path = System/Library/Frameworks/Twitter.framework; sourceTree = SDKROOT; };
		8A23B21B1514D76C00AC8F1D /* background.png */ = {isa = PBXFileReference; lastKnownFileType = image.png; path = background.png; sourceTree = "<group>"; };
		8A23B21C1514D76C00AC8F1D /* background@2x.png */ = {isa = PBXFileReference; lastKnownFileType = image.png; path = "background@2x.png"; sourceTree = "<group>"; };
		8A23B2231514D94F00AC8F1D /* AboutViewController.h */ = {isa = PBXFileReference; fileEncoding = 4; lastKnownFileType = sourcecode.c.h; path = AboutViewController.h; sourceTree = "<group>"; };
		8A23B2241514D94F00AC8F1D /* AboutViewController.m */ = {isa = PBXFileReference; fileEncoding = 4; lastKnownFileType = sourcecode.c.objc; path = AboutViewController.m; sourceTree = "<group>"; };
		8A23B2261514DA5C00AC8F1D /* SponsorsTableViewController.h */ = {isa = PBXFileReference; fileEncoding = 4; lastKnownFileType = sourcecode.c.h; path = SponsorsTableViewController.h; sourceTree = "<group>"; };
		8A23B2271514DA5C00AC8F1D /* SponsorsTableViewController.m */ = {isa = PBXFileReference; fileEncoding = 4; lastKnownFileType = sourcecode.c.objc; path = SponsorsTableViewController.m; sourceTree = "<group>"; };
		8AA9CC7D1514F5A200F13C0D /* Icon.png */ = {isa = PBXFileReference; lastKnownFileType = image.png; path = Icon.png; sourceTree = SOURCE_ROOT; };
		8AA9CC7E1514F5A200F13C0D /* Icon@2x.png */ = {isa = PBXFileReference; lastKnownFileType = image.png; path = "Icon@2x.png"; sourceTree = SOURCE_ROOT; };
		8AFE99261514FDA2000DF99E /* NewsCell.h */ = {isa = PBXFileReference; fileEncoding = 4; lastKnownFileType = sourcecode.c.h; path = NewsCell.h; sourceTree = "<group>"; };
		8AFE99271514FDA2000DF99E /* NewsCell.m */ = {isa = PBXFileReference; fileEncoding = 4; lastKnownFileType = sourcecode.c.objc; path = NewsCell.m; sourceTree = "<group>"; };
/* End PBXFileReference section */

/* Begin PBXFrameworksBuildPhase section */
		65152593151493BD0074FA19 /* Frameworks */ = {
			isa = PBXFrameworksBuildPhase;
			buildActionMask = 2147483647;
			files = (
				6D015B641514CBFD00607F4A /* CoreLocation.framework in Frameworks */,
				8A23B2141514BEEF00AC8F1D /* Twitter.framework in Frameworks */,
				6D0FAA241514AABD00B5B3FA /* MapKit.framework in Frameworks */,
				6515259B151493BD0074FA19 /* UIKit.framework in Frameworks */,
				6515259D151493BD0074FA19 /* Foundation.framework in Frameworks */,
				6515259F151493BD0074FA19 /* CoreGraphics.framework in Frameworks */,
				8A23B1F21514B01200AC8F1D /* Parse.framework in Frameworks */,
				8A23B2011514B07000AC8F1D /* MobileCoreServices.framework in Frameworks */,
				8A23B2021514B07000AC8F1D /* QuartzCore.framework in Frameworks */,
				8A23B2031514B07000AC8F1D /* SystemConfiguration.framework in Frameworks */,
				8A23B2041514B07000AC8F1D /* libz.1.1.3.dylib in Frameworks */,
				8A23B2051514B07000AC8F1D /* Security.framework in Frameworks */,
				8A23B2061514B07000AC8F1D /* CFNetwork.framework in Frameworks */,
				8A23B2071514B07000AC8F1D /* AudioToolbox.framework in Frameworks */,
			);
			runOnlyForDeploymentPostprocessing = 0;
		};
		651525B3151493BE0074FA19 /* Frameworks */ = {
			isa = PBXFrameworksBuildPhase;
			buildActionMask = 2147483647;
			files = (
				6D015B651514CC0500607F4A /* CoreLocation.framework in Frameworks */,
				8A23B1FE1514B05600AC8F1D /* MobileCoreServices.framework in Frameworks */,
				8A23B1FF1514B05600AC8F1D /* QuartzCore.framework in Frameworks */,
				8A23B2001514B05600AC8F1D /* SystemConfiguration.framework in Frameworks */,
				8A23B1FA1514B02E00AC8F1D /* libz.1.1.3.dylib in Frameworks */,
				8A23B1F81514B02800AC8F1D /* Security.framework in Frameworks */,
				8A23B1F61514B02200AC8F1D /* CFNetwork.framework in Frameworks */,
				8A23B1F41514B01B00AC8F1D /* AudioToolbox.framework in Frameworks */,
				6D0FAA1B1514A84900B5B3FA /* MapKit.framework in Frameworks */,
				651525B9151493BE0074FA19 /* SenTestingKit.framework in Frameworks */,
				651525BA151493BE0074FA19 /* UIKit.framework in Frameworks */,
				651525BB151493BE0074FA19 /* Foundation.framework in Frameworks */,
				8A23B1F11514B00D00AC8F1D /* Parse.framework in Frameworks */,
				8A23B2151514BEF400AC8F1D /* Twitter.framework in Frameworks */,
			);
			runOnlyForDeploymentPostprocessing = 0;
		};
/* End PBXFrameworksBuildPhase section */

/* Begin PBXGroup section */
		6515258B151493BD0074FA19 = {
			isa = PBXGroup;
			children = (
				651525A0151493BE0074FA19 /* NSEvents */,
				651525BE151493BE0074FA19 /* NSEventsTests */,
				65152599151493BD0074FA19 /* Frameworks */,
				65152597151493BD0074FA19 /* Products */,
			);
			sourceTree = "<group>";
		};
		65152597151493BD0074FA19 /* Products */ = {
			isa = PBXGroup;
			children = (
				65152596151493BD0074FA19 /* NSEvents.app */,
				651525B7151493BE0074FA19 /* NSEventsTests.octest */,
			);
			name = Products;
			sourceTree = "<group>";
		};
		65152599151493BD0074FA19 /* Frameworks */ = {
			isa = PBXGroup;
			children = (
				6D015B631514CBFD00607F4A /* CoreLocation.framework */,
				8A23B2131514BEEF00AC8F1D /* Twitter.framework */,
				8A23B1FB1514B05600AC8F1D /* MobileCoreServices.framework */,
				8A23B1FC1514B05600AC8F1D /* QuartzCore.framework */,
				8A23B1FD1514B05600AC8F1D /* SystemConfiguration.framework */,
				8A23B1F91514B02E00AC8F1D /* libz.1.1.3.dylib */,
				8A23B1F71514B02800AC8F1D /* Security.framework */,
				8A23B1F51514B02200AC8F1D /* CFNetwork.framework */,
				8A23B1F31514B01B00AC8F1D /* AudioToolbox.framework */,
				8A23B1F01514B00D00AC8F1D /* Parse.framework */,
				6D0FAA1A1514A84900B5B3FA /* MapKit.framework */,
				6515259A151493BD0074FA19 /* UIKit.framework */,
				6515259C151493BD0074FA19 /* Foundation.framework */,
				6515259E151493BD0074FA19 /* CoreGraphics.framework */,
				651525B8151493BE0074FA19 /* SenTestingKit.framework */,
			);
			name = Frameworks;
			sourceTree = "<group>";
		};
		651525A0151493BE0074FA19 /* NSEvents */ = {
			isa = PBXGroup;
			children = (
				6D015B5F1514C6DD00607F4A /* Helper */,
				8A23B21A1514D76C00AC8F1D /* Assets */,
				655A6B161514A0FC00A4B2B7 /* UI */,
				651525CF151495F80074FA19 /* model */,
				651525A9151493BE0074FA19 /* AppDelegate.h */,
				651525AA151493BE0074FA19 /* AppDelegate.m */,
				651525AC151493BE0074FA19 /* MainStoryboard.storyboard */,
				651525AF151493BE0074FA19 /* ViewController.h */,
				651525B0151493BE0074FA19 /* ViewController.m */,
				651525A1151493BE0074FA19 /* Supporting Files */,
			);
			path = NSEvents;
			sourceTree = "<group>";
		};
		651525A1151493BE0074FA19 /* Supporting Files */ = {
			isa = PBXGroup;
			children = (
				651525A2151493BE0074FA19 /* NSEvents-Info.plist */,
				651525A3151493BE0074FA19 /* InfoPlist.strings */,
				651525A6151493BE0074FA19 /* main.m */,
				651525A8151493BE0074FA19 /* NSEvents-Prefix.pch */,
			);
			name = "Supporting Files";
			sourceTree = "<group>";
		};
		651525BE151493BE0074FA19 /* NSEventsTests */ = {
			isa = PBXGroup;
			children = (
				652C17F01514EFB4004BEF69 /* EventParseMapperTests.h */,
				652C17F11514EFB4004BEF69 /* EventParseMapperTests.m */,
				652C17ED1514EA85004BEF69 /* EventRepositoryTests.h */,
				652C17EE1514EA85004BEF69 /* EventRepositoryTests.m */,
				651525C4151493BE0074FA19 /* EventTests.h */,
				651525C5151493BE0074FA19 /* EventTests.m */,
				651525D315149CB60074FA19 /* LocationTests.h */,
				651525D415149CB60074FA19 /* LocationTests.m */,
				8A23B1EA1514AFE000AC8F1D /* SessionTest.h */,
				8A23B1EB1514AFE000AC8F1D /* SessionTest.m */,
				8A23B1EC1514AFE000AC8F1D /* SpeakerTests.h */,
				8A23B1ED1514AFE000AC8F1D /* SpeakerTests.m */,
				652C17B01514BC2E004BEF69 /* SponsorTests.h */,
				652C17B11514BC2E004BEF69 /* SponsorTests.m */,
				651525BF151493BE0074FA19 /* Supporting Files */,
				65AB721D1514F97100B98F80 /* SessionParseMapper.h */,
				65AB721E1514F97100B98F80 /* SessionParseMapper.m */,
			);
			path = NSEventsTests;
			sourceTree = "<group>";
		};
		651525BF151493BE0074FA19 /* Supporting Files */ = {
			isa = PBXGroup;
			children = (
				651525C0151493BE0074FA19 /* NSEventsTests-Info.plist */,
				651525C1151493BE0074FA19 /* InfoPlist.strings */,
			);
			name = "Supporting Files";
			sourceTree = "<group>";
		};
		651525CF151495F80074FA19 /* model */ = {
			isa = PBXGroup;
			children = (
				8A23B1E31514AFC400AC8F1D /* Session.h */,
				8A23B1E41514AFC400AC8F1D /* Session.m */,
				8A23B1E51514AFC400AC8F1D /* Speaker.h */,
				8A23B1E61514AFC400AC8F1D /* Speaker.m */,
				651525D0151497FF0074FA19 /* Event.h */,
				651525D1151497FF0074FA19 /* Event.m */,
				651525D615149D360074FA19 /* Location.h */,
				651525D715149D360074FA19 /* Location.m */,
				652C17AC1514BC18004BEF69 /* Sponsor.h */,
				652C17AD1514BC18004BEF69 /* Sponsor.m */,
				65AB72161514F12A00B98F80 /* EventParseMapper.h */,
				65AB72171514F12A00B98F80 /* EventParseMapper.m */,
			);
			name = model;
			sourceTree = "<group>";
		};
		655A6B161514A0FC00A4B2B7 /* UI */ = {
			isa = PBXGroup;
			children = (
				655A6B171514A0FC00A4B2B7 /* EventTableViewController.h */,
				655A6B181514A0FC00A4B2B7 /* EventTableViewController.m */,
				8A23B2081514B8EC00AC8F1D /* EventDetailTableViewController.h */,
				8A23B2091514B8EC00AC8F1D /* EventDetailTableViewController.m */,
				6D0FAA161514A79F00B5B3FA /* TimeAndPlaceViewController.h */,
				6D0FAA171514A79F00B5B3FA /* TimeAndPlaceViewController.m */,
				8A23B20F1514BD5900AC8F1D /* NewsTableViewController.h */,
				8A23B2101514BD5900AC8F1D /* NewsTableViewController.m */,
				8A23B2231514D94F00AC8F1D /* AboutViewController.h */,
				8A23B2241514D94F00AC8F1D /* AboutViewController.m */,
				8A23B2261514DA5C00AC8F1D /* SponsorsTableViewController.h */,
				8A23B2271514DA5C00AC8F1D /* SponsorsTableViewController.m */,
				8AFE99261514FDA2000DF99E /* NewsCell.h */,
				8AFE99271514FDA2000DF99E /* NewsCell.m */,
			);
			path = UI;
			sourceTree = "<group>";
		};
		6D015B5F1514C6DD00607F4A /* Helper */ = {
			isa = PBXGroup;
			children = (
				6D015B601514C74000607F4A /* LocationPoint.h */,
				6D015B611514C74000607F4A /* LocationPoint.m */,
			);
			name = Helper;
			sourceTree = "<group>";
		};
		8A23B21A1514D76C00AC8F1D /* Assets */ = {
			isa = PBXGroup;
			children = (
				8AA9CC7D1514F5A200F13C0D /* Icon.png */,
				8AA9CC7E1514F5A200F13C0D /* Icon@2x.png */,
				8A1E711B1514DBDA00210D7B /* about.png */,
				8A1E711C1514DBDA00210D7B /* about@2x.png */,
				8A1E711D1514DBDA00210D7B /* aboutact.png */,
				8A1E711E1514DBDA00210D7B /* aboutact@2x.png */,
				8A1E711F1514DBDA00210D7B /* background.png */,
				8A1E71201514DBDA00210D7B /* background@2x.png */,
				8A1E71211514DBDA00210D7B /* lista.png */,
				8A1E71221514DBDA00210D7B /* lista@2x.png */,
				8A1E71231514DBDA00210D7B /* listaact.png */,
				8A1E71241514DBDA00210D7B /* listaact@2x.png */,
				8A1E71251514DBDA00210D7B /* noticias.png */,
				8A1E71261514DBDA00210D7B /* noticias@2x.png */,
				8A1E71271514DBDA00210D7B /* noticiasact.png */,
				8A1E71281514DBDA00210D7B /* noticiasact@2x.png */,
				8A1E71291514DBDA00210D7B /* sponsor.png */,
				8A1E712A1514DBDA00210D7B /* sponsor@2x.png */,
				8A1E712B1514DBDA00210D7B /* sponsoract.png */,
				8A1E712C1514DBDA00210D7B /* sponsoract@2x.png */,
				8A23B21B1514D76C00AC8F1D /* background.png */,
				8A23B21C1514D76C00AC8F1D /* background@2x.png */,
			);
			path = Assets;
			sourceTree = SOURCE_ROOT;
		};
/* End PBXGroup section */

/* Begin PBXNativeTarget section */
		65152595151493BD0074FA19 /* NSEvents */ = {
			isa = PBXNativeTarget;
			buildConfigurationList = 651525C9151493BE0074FA19 /* Build configuration list for PBXNativeTarget "NSEvents" */;
			buildPhases = (
				65152592151493BD0074FA19 /* Sources */,
				65152593151493BD0074FA19 /* Frameworks */,
				65152594151493BD0074FA19 /* Resources */,
			);
			buildRules = (
			);
			dependencies = (
			);
			name = NSEvents;
			productName = NSEvents;
			productReference = 65152596151493BD0074FA19 /* NSEvents.app */;
			productType = "com.apple.product-type.application";
		};
		651525B6151493BE0074FA19 /* NSEventsTests */ = {
			isa = PBXNativeTarget;
			buildConfigurationList = 651525CC151493BE0074FA19 /* Build configuration list for PBXNativeTarget "NSEventsTests" */;
			buildPhases = (
				651525B2151493BE0074FA19 /* Sources */,
				651525B3151493BE0074FA19 /* Frameworks */,
				651525B4151493BE0074FA19 /* Resources */,
				651525B5151493BE0074FA19 /* ShellScript */,
			);
			buildRules = (
			);
			dependencies = (
				651525BD151493BE0074FA19 /* PBXTargetDependency */,
			);
			name = NSEventsTests;
			productName = NSEventsTests;
			productReference = 651525B7151493BE0074FA19 /* NSEventsTests.octest */;
			productType = "com.apple.product-type.bundle";
		};
/* End PBXNativeTarget section */

/* Begin PBXProject section */
		6515258D151493BD0074FA19 /* Project object */ = {
			isa = PBXProject;
			attributes = {
				LastUpgradeCheck = 0430;
				ORGANIZATIONNAME = "Atípic software";
			};
			buildConfigurationList = 65152590151493BD0074FA19 /* Build configuration list for PBXProject "NSEvents" */;
			compatibilityVersion = "Xcode 3.2";
			developmentRegion = English;
			hasScannedForEncodings = 0;
			knownRegions = (
				en,
			);
			mainGroup = 6515258B151493BD0074FA19;
			productRefGroup = 65152597151493BD0074FA19 /* Products */;
			projectDirPath = "";
			projectRoot = "";
			targets = (
				65152595151493BD0074FA19 /* NSEvents */,
				651525B6151493BE0074FA19 /* NSEventsTests */,
			);
		};
/* End PBXProject section */

/* Begin PBXResourcesBuildPhase section */
		65152594151493BD0074FA19 /* Resources */ = {
			isa = PBXResourcesBuildPhase;
			buildActionMask = 2147483647;
			files = (
				651525A5151493BE0074FA19 /* InfoPlist.strings in Resources */,
				651525AE151493BE0074FA19 /* MainStoryboard.storyboard in Resources */,
				8A1E712D1514DBDA00210D7B /* about.png in Resources */,
				8A1E712E1514DBDA00210D7B /* about@2x.png in Resources */,
				8A1E712F1514DBDA00210D7B /* aboutact.png in Resources */,
				8A1E71301514DBDA00210D7B /* aboutact@2x.png in Resources */,
				8A1E71331514DBDA00210D7B /* lista.png in Resources */,
				8A1E71341514DBDA00210D7B /* lista@2x.png in Resources */,
				8A1E71351514DBDA00210D7B /* listaact.png in Resources */,
				8A1E71361514DBDA00210D7B /* listaact@2x.png in Resources */,
				8A1E71371514DBDA00210D7B /* noticias.png in Resources */,
				8A1E71381514DBDA00210D7B /* noticias@2x.png in Resources */,
				8A1E71391514DBDA00210D7B /* noticiasact.png in Resources */,
				8A1E713A1514DBDA00210D7B /* noticiasact@2x.png in Resources */,
				8A1E713B1514DBDA00210D7B /* sponsor.png in Resources */,
				8A1E713C1514DBDA00210D7B /* sponsor@2x.png in Resources */,
				8A1E713D1514DBDA00210D7B /* sponsoract.png in Resources */,
				8A1E713E1514DBDA00210D7B /* sponsoract@2x.png in Resources */,
				8AA9CC731514F0EA00F13C0D /* background.png in Resources */,
				8AA9CC741514F0EA00F13C0D /* background@2x.png in Resources */,
				8AA9CC7F1514F5A200F13C0D /* Icon.png in Resources */,
				8AA9CC801514F5A200F13C0D /* Icon@2x.png in Resources */,
			);
			runOnlyForDeploymentPostprocessing = 0;
		};
		651525B4151493BE0074FA19 /* Resources */ = {
			isa = PBXResourcesBuildPhase;
			buildActionMask = 2147483647;
			files = (
				651525C3151493BE0074FA19 /* InfoPlist.strings in Resources */,
			);
			runOnlyForDeploymentPostprocessing = 0;
		};
/* End PBXResourcesBuildPhase section */

/* Begin PBXShellScriptBuildPhase section */
		651525B5151493BE0074FA19 /* ShellScript */ = {
			isa = PBXShellScriptBuildPhase;
			buildActionMask = 2147483647;
			files = (
			);
			inputPaths = (
			);
			outputPaths = (
			);
			runOnlyForDeploymentPostprocessing = 0;
			shellPath = /bin/sh;
			shellScript = "# Run the unit tests in this test bundle.\n\"${SYSTEM_DEVELOPER_DIR}/Tools/RunUnitTests\"\n";
		};
/* End PBXShellScriptBuildPhase section */

/* Begin PBXSourcesBuildPhase section */
		65152592151493BD0074FA19 /* Sources */ = {
			isa = PBXSourcesBuildPhase;
			buildActionMask = 2147483647;
			files = (
				651525A7151493BE0074FA19 /* main.m in Sources */,
				651525AB151493BE0074FA19 /* AppDelegate.m in Sources */,
				651525B1151493BE0074FA19 /* ViewController.m in Sources */,
				651525D2151497FF0074FA19 /* Event.m in Sources */,
				651525D815149D360074FA19 /* Location.m in Sources */,
				655A6B191514A0FC00A4B2B7 /* EventTableViewController.m in Sources */,
				6D0FAA181514A79F00B5B3FA /* TimeAndPlaceViewController.m in Sources */,
				8A23B20A1514B8EC00AC8F1D /* EventDetailTableViewController.m in Sources */,
				6D015B621514C74000607F4A /* LocationPoint.m in Sources */,
				8A23B2111514BD5900AC8F1D /* NewsTableViewController.m in Sources */,
				8A23B2251514D94F00AC8F1D /* AboutViewController.m in Sources */,
				8A23B2281514DA5C00AC8F1D /* SponsorsTableViewController.m in Sources */,
				65AB72181514F12A00B98F80 /* EventParseMapper.m in Sources */,
				8AFE99281514FDA2000DF99E /* NewsCell.m in Sources */,
			);
			runOnlyForDeploymentPostprocessing = 0;
		};
		651525B2151493BE0074FA19 /* Sources */ = {
			isa = PBXSourcesBuildPhase;
			buildActionMask = 2147483647;
			files = (
				651525C6151493BE0074FA19 /* EventTests.m in Sources */,
				651525D515149CB60074FA19 /* LocationTests.m in Sources */,
				8A23B1E71514AFC400AC8F1D /* Session.m in Sources */,
				8A23B1E81514AFC400AC8F1D /* Speaker.m in Sources */,
				8A23B1EE1514AFE000AC8F1D /* SessionTest.m in Sources */,
				8A23B1EF1514AFE000AC8F1D /* SpeakerTests.m in Sources */,
				652C17AE1514BC18004BEF69 /* Sponsor.m in Sources */,
				652C17B21514BC2E004BEF69 /* SponsorTests.m in Sources */,
				652C17EF1514EA85004BEF69 /* EventRepositoryTests.m in Sources */,
				652C17F21514EFB4004BEF69 /* EventParseMapperTests.m in Sources */,
				65AB722A1514FA9900B98F80 /* SessionParseMapper.m in Sources */,
			);
			runOnlyForDeploymentPostprocessing = 0;
		};
/* End PBXSourcesBuildPhase section */

/* Begin PBXTargetDependency section */
		651525BD151493BE0074FA19 /* PBXTargetDependency */ = {
			isa = PBXTargetDependency;
			target = 65152595151493BD0074FA19 /* NSEvents */;
			targetProxy = 651525BC151493BE0074FA19 /* PBXContainerItemProxy */;
		};
/* End PBXTargetDependency section */

/* Begin PBXVariantGroup section */
		651525A3151493BE0074FA19 /* InfoPlist.strings */ = {
			isa = PBXVariantGroup;
			children = (
				651525A4151493BE0074FA19 /* en */,
			);
			name = InfoPlist.strings;
			sourceTree = "<group>";
		};
		651525AC151493BE0074FA19 /* MainStoryboard.storyboard */ = {
			isa = PBXVariantGroup;
			children = (
				651525AD151493BE0074FA19 /* en */,
			);
			name = MainStoryboard.storyboard;
			sourceTree = "<group>";
		};
		651525C1151493BE0074FA19 /* InfoPlist.strings */ = {
			isa = PBXVariantGroup;
			children = (
				651525C2151493BE0074FA19 /* en */,
			);
			name = InfoPlist.strings;
			sourceTree = "<group>";
		};
/* End PBXVariantGroup section */

/* Begin XCBuildConfiguration section */
		651525C7151493BE0074FA19 /* Debug */ = {
			isa = XCBuildConfiguration;
			buildSettings = {
				ALWAYS_SEARCH_USER_PATHS = NO;
				ARCHS = "$(ARCHS_STANDARD_32_BIT)";
				CLANG_ENABLE_OBJC_ARC = YES;
				"CODE_SIGN_IDENTITY[sdk=iphoneos*]" = "iPhone Developer";
				COPY_PHASE_STRIP = NO;
				GCC_C_LANGUAGE_STANDARD = gnu99;
				GCC_DYNAMIC_NO_PIC = NO;
				GCC_OPTIMIZATION_LEVEL = 0;
				GCC_PREPROCESSOR_DEFINITIONS = (
					"DEBUG=1",
					"$(inherited)",
				);
				GCC_SYMBOLS_PRIVATE_EXTERN = NO;
				GCC_VERSION = com.apple.compilers.llvm.clang.1_0;
				GCC_WARN_ABOUT_RETURN_TYPE = YES;
				GCC_WARN_UNINITIALIZED_AUTOS = YES;
				GCC_WARN_UNUSED_VARIABLE = YES;
				IPHONEOS_DEPLOYMENT_TARGET = 5.0;
				SDKROOT = iphoneos;
			};
			name = Debug;
		};
		651525C8151493BE0074FA19 /* Release */ = {
			isa = XCBuildConfiguration;
			buildSettings = {
				ALWAYS_SEARCH_USER_PATHS = NO;
				ARCHS = "$(ARCHS_STANDARD_32_BIT)";
				CLANG_ENABLE_OBJC_ARC = YES;
				"CODE_SIGN_IDENTITY[sdk=iphoneos*]" = "iPhone Developer";
				COPY_PHASE_STRIP = YES;
				GCC_C_LANGUAGE_STANDARD = gnu99;
				GCC_VERSION = com.apple.compilers.llvm.clang.1_0;
				GCC_WARN_ABOUT_RETURN_TYPE = YES;
				GCC_WARN_UNINITIALIZED_AUTOS = YES;
				GCC_WARN_UNUSED_VARIABLE = YES;
				IPHONEOS_DEPLOYMENT_TARGET = 5.0;
				OTHER_CFLAGS = "-DNS_BLOCK_ASSERTIONS=1";
				SDKROOT = iphoneos;
				VALIDATE_PRODUCT = YES;
			};
			name = Release;
		};
		651525CA151493BE0074FA19 /* Debug */ = {
			isa = XCBuildConfiguration;
			buildSettings = {
				FRAMEWORK_SEARCH_PATHS = (
					"$(inherited)",
					"\"$(SRCROOT)/Vendor\"",
				);
				GCC_PRECOMPILE_PREFIX_HEADER = YES;
				GCC_PREFIX_HEADER = "NSEvents/NSEvents-Prefix.pch";
				INFOPLIST_FILE = "NSEvents/NSEvents-Info.plist";
				IPHONEOS_DEPLOYMENT_TARGET = 5.0;
				PRODUCT_NAME = "$(TARGET_NAME)";
				WRAPPER_EXTENSION = app;
			};
			name = Debug;
		};
		651525CB151493BE0074FA19 /* Release */ = {
			isa = XCBuildConfiguration;
			buildSettings = {
				FRAMEWORK_SEARCH_PATHS = (
					"$(inherited)",
					"\"$(SRCROOT)/Vendor\"",
				);
				GCC_PRECOMPILE_PREFIX_HEADER = YES;
				GCC_PREFIX_HEADER = "NSEvents/NSEvents-Prefix.pch";
				INFOPLIST_FILE = "NSEvents/NSEvents-Info.plist";
				IPHONEOS_DEPLOYMENT_TARGET = 5.0;
				PRODUCT_NAME = "$(TARGET_NAME)";
				WRAPPER_EXTENSION = app;
			};
			name = Release;
		};
		651525CD151493BE0074FA19 /* Debug */ = {
			isa = XCBuildConfiguration;
			buildSettings = {
				BUNDLE_LOADER = "$(BUILT_PRODUCTS_DIR)/NSEvents.app/NSEvents";
				FRAMEWORK_SEARCH_PATHS = (
					"$(SDKROOT)/Developer/Library/Frameworks",
					"$(DEVELOPER_LIBRARY_DIR)/Frameworks",
					"\"$(SRCROOT)/Vendor\"",
				);
				GCC_PRECOMPILE_PREFIX_HEADER = YES;
				GCC_PREFIX_HEADER = "NSEvents/NSEvents-Prefix.pch";
				INFOPLIST_FILE = "NSEventsTests/NSEventsTests-Info.plist";
				PRODUCT_NAME = "$(TARGET_NAME)";
				TEST_HOST = "$(BUNDLE_LOADER)";
				WRAPPER_EXTENSION = octest;
			};
			name = Debug;
		};
		651525CE151493BE0074FA19 /* Release */ = {
			isa = XCBuildConfiguration;
			buildSettings = {
				BUNDLE_LOADER = "$(BUILT_PRODUCTS_DIR)/NSEvents.app/NSEvents";
				FRAMEWORK_SEARCH_PATHS = (
					"$(SDKROOT)/Developer/Library/Frameworks",
					"$(DEVELOPER_LIBRARY_DIR)/Frameworks",
					"\"$(SRCROOT)/Vendor\"",
				);
				GCC_PRECOMPILE_PREFIX_HEADER = YES;
				GCC_PREFIX_HEADER = "NSEvents/NSEvents-Prefix.pch";
				INFOPLIST_FILE = "NSEventsTests/NSEventsTests-Info.plist";
				PRODUCT_NAME = "$(TARGET_NAME)";
				TEST_HOST = "$(BUNDLE_LOADER)";
				WRAPPER_EXTENSION = octest;
			};
			name = Release;
		};
/* End XCBuildConfiguration section */

/* Begin XCConfigurationList section */
		65152590151493BD0074FA19 /* Build configuration list for PBXProject "NSEvents" */ = {
			isa = XCConfigurationList;
			buildConfigurations = (
				651525C7151493BE0074FA19 /* Debug */,
				651525C8151493BE0074FA19 /* Release */,
			);
			defaultConfigurationIsVisible = 0;
			defaultConfigurationName = Release;
		};
		651525C9151493BE0074FA19 /* Build configuration list for PBXNativeTarget "NSEvents" */ = {
			isa = XCConfigurationList;
			buildConfigurations = (
				651525CA151493BE0074FA19 /* Debug */,
				651525CB151493BE0074FA19 /* Release */,
			);
			defaultConfigurationIsVisible = 0;
			defaultConfigurationName = Release;
		};
		651525CC151493BE0074FA19 /* Build configuration list for PBXNativeTarget "NSEventsTests" */ = {
			isa = XCConfigurationList;
			buildConfigurations = (
				651525CD151493BE0074FA19 /* Debug */,
				651525CE151493BE0074FA19 /* Release */,
			);
			defaultConfigurationIsVisible = 0;
			defaultConfigurationName = Release;
		};
/* End XCConfigurationList section */
	};
	rootObject = 6515258D151493BD0074FA19 /* Project object */;
}
